// !$*UTF8*$!
{
	archiveVersion = 1;
	classes = {
	};
	objectVersion = 46;
	objects = {

/* Begin PBXBuildFile section */
		33557FEF1E9F6E26007B5194 /* AppDelegate.m in Sources */ = {isa = PBXBuildFile; fileRef = 33557FEE1E9F6E26007B5194 /* AppDelegate.m */; };
		33557FF51E9F6E26007B5194 /* Main.storyboard in Resources */ = {isa = PBXBuildFile; fileRef = 33557FF31E9F6E26007B5194 /* Main.storyboard */; };
		33557FF81E9F6E26007B5194 /* marvel_view.xcdatamodeld in Sources */ = {isa = PBXBuildFile; fileRef = 33557FF61E9F6E26007B5194 /* marvel_view.xcdatamodeld */; };
		33557FFA1E9F6E26007B5194 /* Assets.xcassets in Resources */ = {isa = PBXBuildFile; fileRef = 33557FF91E9F6E26007B5194 /* Assets.xcassets */; };
		33557FFD1E9F6E26007B5194 /* LaunchScreen.storyboard in Resources */ = {isa = PBXBuildFile; fileRef = 33557FFB1E9F6E26007B5194 /* LaunchScreen.storyboard */; };
		335CD7A71EA4CEE100EF4BD5 /* ComicsTableViewController.m in Sources */ = {isa = PBXBuildFile; fileRef = 335CD7A61EA4CEE100EF4BD5 /* ComicsTableViewController.m */; };
		335CD7AB1EA4DB0F00EF4BD5 /* ComicDetailViewController.m in Sources */ = {isa = PBXBuildFile; fileRef = 335CD7AA1EA4DB0F00EF4BD5 /* ComicDetailViewController.m */; };
		3364693A1EA8E30200408BAE /* main.m in Sources */ = {isa = PBXBuildFile; fileRef = 33557FEB1E9F6E26007B5194 /* main.m */; };
		337C73D11E9F898500F0C9FB /* Extensions.m in Sources */ = {isa = PBXBuildFile; fileRef = 337C73D01E9F898500F0C9FB /* Extensions.m */; };
		338B607C1EB212B400E51C55 /* placeholder.png in Resources */ = {isa = PBXBuildFile; fileRef = 338B607B1EB212B400E51C55 /* placeholder.png */; };
		339C23AD1EADF5FF00D7835F /* ComicsManager.m in Sources */ = {isa = PBXBuildFile; fileRef = 339C23AC1EADF5FF00D7835F /* ComicsManager.m */; };
		33A25F631EC77C2600A6047A /* libNetworkClient.a in Frameworks */ = {isa = PBXBuildFile; fileRef = 33A25F601EC77C0C00A6047A /* libNetworkClient.a */; };
		33D1098A1ED9FE5F007A1B4E /* ComicsTableViewCell.m in Sources */ = {isa = PBXBuildFile; fileRef = 33D109891ED9FE5F007A1B4E /* ComicsTableViewCell.m */; };
		33D2170A1EB22C9D001AC256 /* .gitignore in Resources */ = {isa = PBXBuildFile; fileRef = 33D217091EB22C9D001AC256 /* .gitignore */; };
		33D2170C1EB246F3001AC256 /* Podfile in Resources */ = {isa = PBXBuildFile; fileRef = 33D2170B1EB246F3001AC256 /* Podfile */; };
		626E702D3440DDA29CF40866 /* libPods-marvel-view.a in Frameworks */ = {isa = PBXBuildFile; fileRef = BFAD02FEB74BF04EBCBF917E /* libPods-marvel-view.a */; };
/* End PBXBuildFile section */

/* Begin PBXContainerItemProxy section */
		33A25F5F1EC77C0C00A6047A /* PBXContainerItemProxy */ = {
			isa = PBXContainerItemProxy;
			containerPortal = 33A25F5B1EC77C0C00A6047A /* NetworkClient.xcodeproj */;
			proxyType = 2;
			remoteGlobalIDString = 3301D7161EC7679D003B85A4;
			remoteInfo = NetworkClient;
		};
		33A25F611EC77C1F00A6047A /* PBXContainerItemProxy */ = {
			isa = PBXContainerItemProxy;
			containerPortal = 33A25F5B1EC77C0C00A6047A /* NetworkClient.xcodeproj */;
			proxyType = 1;
			remoteGlobalIDString = 3301D7151EC7679D003B85A4;
			remoteInfo = NetworkClient;
		};
/* End PBXContainerItemProxy section */

/* Begin PBXFileReference section */
		3310BCD21EAF7B0300307CB9 /* Comic+CoreDataProperties.h */ = {isa = PBXFileReference; fileEncoding = 4; lastKnownFileType = sourcecode.c.h; name = "Comic+CoreDataProperties.h"; path = "schema/Comic+CoreDataProperties.h"; sourceTree = "<group>"; };
		33557FE71E9F6E26007B5194 /* marvel-view.app */ = {isa = PBXFileReference; explicitFileType = wrapper.application; includeInIndex = 0; path = "marvel-view.app"; sourceTree = BUILT_PRODUCTS_DIR; };
		33557FEB1E9F6E26007B5194 /* main.m */ = {isa = PBXFileReference; lastKnownFileType = sourcecode.c.objc; path = main.m; sourceTree = "<group>"; };
		33557FED1E9F6E26007B5194 /* AppDelegate.h */ = {isa = PBXFileReference; lastKnownFileType = sourcecode.c.h; path = AppDelegate.h; sourceTree = "<group>"; };
		33557FEE1E9F6E26007B5194 /* AppDelegate.m */ = {isa = PBXFileReference; lastKnownFileType = sourcecode.c.objc; path = AppDelegate.m; sourceTree = "<group>"; };
		33557FF41E9F6E26007B5194 /* Base */ = {isa = PBXFileReference; lastKnownFileType = file.storyboard; name = Base; path = Base.lproj/Main.storyboard; sourceTree = "<group>"; };
		33557FF71E9F6E26007B5194 /* marvel_view.xcdatamodel */ = {isa = PBXFileReference; lastKnownFileType = wrapper.xcdatamodel; path = marvel_view.xcdatamodel; sourceTree = "<group>"; };
		33557FF91E9F6E26007B5194 /* Assets.xcassets */ = {isa = PBXFileReference; lastKnownFileType = folder.assetcatalog; path = Assets.xcassets; sourceTree = "<group>"; };
		33557FFC1E9F6E26007B5194 /* Base */ = {isa = PBXFileReference; lastKnownFileType = file.storyboard; name = Base; path = Base.lproj/LaunchScreen.storyboard; sourceTree = "<group>"; };
		33557FFE1E9F6E26007B5194 /* Info.plist */ = {isa = PBXFileReference; lastKnownFileType = text.plist.xml; path = Info.plist; sourceTree = "<group>"; };
		335CD7A51EA4CEE100EF4BD5 /* ComicsTableViewController.h */ = {isa = PBXFileReference; fileEncoding = 4; lastKnownFileType = sourcecode.c.h; name = ComicsTableViewController.h; path = viewControllers/ComicsTableViewController.h; sourceTree = "<group>"; };
		335CD7A61EA4CEE100EF4BD5 /* ComicsTableViewController.m */ = {isa = PBXFileReference; fileEncoding = 4; lastKnownFileType = sourcecode.c.objc; name = ComicsTableViewController.m; path = viewControllers/ComicsTableViewController.m; sourceTree = "<group>"; };
		335CD7A91EA4DB0F00EF4BD5 /* ComicDetailViewController.h */ = {isa = PBXFileReference; fileEncoding = 4; lastKnownFileType = sourcecode.c.h; name = ComicDetailViewController.h; path = viewControllers/ComicDetailViewController.h; sourceTree = "<group>"; };
		335CD7AA1EA4DB0F00EF4BD5 /* ComicDetailViewController.m */ = {isa = PBXFileReference; fileEncoding = 4; lastKnownFileType = sourcecode.c.objc; name = ComicDetailViewController.m; path = viewControllers/ComicDetailViewController.m; sourceTree = "<group>"; };
		337C73CF1E9F898500F0C9FB /* Extensions.h */ = {isa = PBXFileReference; fileEncoding = 4; lastKnownFileType = sourcecode.c.h; name = Extensions.h; path = extensions/Extensions.h; sourceTree = "<group>"; };
		337C73D01E9F898500F0C9FB /* Extensions.m */ = {isa = PBXFileReference; fileEncoding = 4; lastKnownFileType = sourcecode.c.objc; name = Extensions.m; path = extensions/Extensions.m; sourceTree = "<group>"; };
		338B607B1EB212B400E51C55 /* placeholder.png */ = {isa = PBXFileReference; lastKnownFileType = image.png; path = placeholder.png; sourceTree = "<group>"; };
		339C23AA1EADF3DD00D7835F /* Comic+CoreDataClass.h */ = {isa = PBXFileReference; lastKnownFileType = sourcecode.c.h; name = "Comic+CoreDataClass.h"; path = "schema/Comic+CoreDataClass.h"; sourceTree = "<group>"; };
		339C23AB1EADF5FF00D7835F /* ComicsManager.h */ = {isa = PBXFileReference; fileEncoding = 4; lastKnownFileType = sourcecode.c.h; name = ComicsManager.h; path = schema/ComicsManager.h; sourceTree = "<group>"; };
		339C23AC1EADF5FF00D7835F /* ComicsManager.m */ = {isa = PBXFileReference; fileEncoding = 4; lastKnownFileType = sourcecode.c.objc; name = ComicsManager.m; path = schema/ComicsManager.m; sourceTree = "<group>"; };
		33A25F5B1EC77C0C00A6047A /* NetworkClient.xcodeproj */ = {isa = PBXFileReference; lastKnownFileType = "wrapper.pb-project"; path = NetworkClient.xcodeproj; sourceTree = "<group>"; };
		33D109881ED9FE5F007A1B4E /* ComicsTableViewCell.h */ = {isa = PBXFileReference; fileEncoding = 4; lastKnownFileType = sourcecode.c.h; name = ComicsTableViewCell.h; path = viewControllers/ComicsTableViewCell.h; sourceTree = "<group>"; };
		33D109891ED9FE5F007A1B4E /* ComicsTableViewCell.m */ = {isa = PBXFileReference; fileEncoding = 4; lastKnownFileType = sourcecode.c.objc; name = ComicsTableViewCell.m; path = viewControllers/ComicsTableViewCell.m; sourceTree = "<group>"; };
		33D217091EB22C9D001AC256 /* .gitignore */ = {isa = PBXFileReference; fileEncoding = 4; lastKnownFileType = text; path = .gitignore; sourceTree = "<group>"; };
		33D2170B1EB246F3001AC256 /* Podfile */ = {isa = PBXFileReference; fileEncoding = 4; lastKnownFileType = text; path = Podfile; sourceTree = "<group>"; xcLanguageSpecificationIdentifier = xcode.lang.ruby; };
		7EB9D9CDDF940FF5D752409D /* Pods-marvel-view.release.xcconfig */ = {isa = PBXFileReference; includeInIndex = 1; lastKnownFileType = text.xcconfig; name = "Pods-marvel-view.release.xcconfig"; path = "Pods/Target Support Files/Pods-marvel-view/Pods-marvel-view.release.xcconfig"; sourceTree = "<group>"; };
		AB25F0A22486F6648FAD511A /* Pods-marvel-view.debug.xcconfig */ = {isa = PBXFileReference; includeInIndex = 1; lastKnownFileType = text.xcconfig; name = "Pods-marvel-view.debug.xcconfig"; path = "Pods/Target Support Files/Pods-marvel-view/Pods-marvel-view.debug.xcconfig"; sourceTree = "<group>"; };
		BFAD02FEB74BF04EBCBF917E /* libPods-marvel-view.a */ = {isa = PBXFileReference; explicitFileType = archive.ar; includeInIndex = 0; path = "libPods-marvel-view.a"; sourceTree = BUILT_PRODUCTS_DIR; };
/* End PBXFileReference section */

/* Begin PBXFrameworksBuildPhase section */
		33557FE41E9F6E26007B5194 /* Frameworks */ = {
			isa = PBXFrameworksBuildPhase;
			buildActionMask = 2147483647;
			files = (
				33A25F631EC77C2600A6047A /* libNetworkClient.a in Frameworks */,
				626E702D3440DDA29CF40866 /* libPods-marvel-view.a in Frameworks */,
			);
			runOnlyForDeploymentPostprocessing = 0;
		};
/* End PBXFrameworksBuildPhase section */

/* Begin PBXGroup section */
		33557FDE1E9F6E26007B5194 = {
			isa = PBXGroup;
			children = (
				33A25F5B1EC77C0C00A6047A /* NetworkClient.xcodeproj */,
				33D217091EB22C9D001AC256 /* .gitignore */,
				33D2170B1EB246F3001AC256 /* Podfile */,
				33557FE91E9F6E26007B5194 /* marvel-view */,
				33557FE81E9F6E26007B5194 /* Products */,
				3804AEA8BB333F6900188205 /* Pods */,
				8D166D408E3D459BAF74049C /* Frameworks */,
			);
			sourceTree = "<group>";
		};
		33557FE81E9F6E26007B5194 /* Products */ = {
			isa = PBXGroup;
			children = (
				33557FE71E9F6E26007B5194 /* marvel-view.app */,
			);
			name = Products;
			sourceTree = "<group>";
		};
		33557FE91E9F6E26007B5194 /* marvel-view */ = {
			isa = PBXGroup;
			children = (
				33A74B611EA75FE800A66762 /* schema */,
				335CD7A81EA4CEEF00EF4BD5 /* viewControllers */,
				337C73CC1E9F88A000F0C9FB /* extensions */,
				33557FED1E9F6E26007B5194 /* AppDelegate.h */,
				33557FEE1E9F6E26007B5194 /* AppDelegate.m */,
				338B607B1EB212B400E51C55 /* placeholder.png */,
				33557FF31E9F6E26007B5194 /* Main.storyboard */,
				33557FF91E9F6E26007B5194 /* Assets.xcassets */,
				33557FFB1E9F6E26007B5194 /* LaunchScreen.storyboard */,
				33557FFE1E9F6E26007B5194 /* Info.plist */,
				33557FF61E9F6E26007B5194 /* marvel_view.xcdatamodeld */,
				33557FEA1E9F6E26007B5194 /* Supporting Files */,
			);
			path = "marvel-view";
			sourceTree = "<group>";
		};
		33557FEA1E9F6E26007B5194 /* Supporting Files */ = {
			isa = PBXGroup;
			children = (
				33557FEB1E9F6E26007B5194 /* main.m */,
			);
			name = "Supporting Files";
			sourceTree = "<group>";
		};
		335CD7A81EA4CEEF00EF4BD5 /* viewControllers */ = {
			isa = PBXGroup;
			children = (
				335CD7A91EA4DB0F00EF4BD5 /* ComicDetailViewController.h */,
				335CD7AA1EA4DB0F00EF4BD5 /* ComicDetailViewController.m */,
				335CD7A51EA4CEE100EF4BD5 /* ComicsTableViewController.h */,
				335CD7A61EA4CEE100EF4BD5 /* ComicsTableViewController.m */,
				33D109881ED9FE5F007A1B4E /* ComicsTableViewCell.h */,
				33D109891ED9FE5F007A1B4E /* ComicsTableViewCell.m */,
			);
			name = viewControllers;
			sourceTree = "<group>";
		};
		337C73CC1E9F88A000F0C9FB /* extensions */ = {
			isa = PBXGroup;
			children = (
				337C73CF1E9F898500F0C9FB /* Extensions.h */,
				337C73D01E9F898500F0C9FB /* Extensions.m */,
			);
			name = extensions;
			sourceTree = "<group>";
		};
		33A25F5C1EC77C0C00A6047A /* Products */ = {
			isa = PBXGroup;
			children = (
				33A25F601EC77C0C00A6047A /* libNetworkClient.a */,
			);
			name = Products;
			sourceTree = "<group>";
		};
		33A74B611EA75FE800A66762 /* schema */ = {
			isa = PBXGroup;
			children = (
				339C23AA1EADF3DD00D7835F /* Comic+CoreDataClass.h */,
				3310BCD21EAF7B0300307CB9 /* Comic+CoreDataProperties.h */,
				339C23AB1EADF5FF00D7835F /* ComicsManager.h */,
				339C23AC1EADF5FF00D7835F /* ComicsManager.m */,
			);
			name = schema;
			sourceTree = "<group>";
		};
		3804AEA8BB333F6900188205 /* Pods */ = {
			isa = PBXGroup;
			children = (
				AB25F0A22486F6648FAD511A /* Pods-marvel-view.debug.xcconfig */,
				7EB9D9CDDF940FF5D752409D /* Pods-marvel-view.release.xcconfig */,
			);
			name = Pods;
			sourceTree = "<group>";
		};
		8D166D408E3D459BAF74049C /* Frameworks */ = {
			isa = PBXGroup;
			children = (
				BFAD02FEB74BF04EBCBF917E /* libPods-marvel-view.a */,
			);
			name = Frameworks;
			sourceTree = "<group>";
		};
/* End PBXGroup section */

/* Begin PBXNativeTarget section */
		33557FE61E9F6E26007B5194 /* marvel-view */ = {
			isa = PBXNativeTarget;
			buildConfigurationList = 335580011E9F6E26007B5194 /* Build configuration list for PBXNativeTarget "marvel-view" */;
			buildPhases = (
				7501562AB569A33B5FADB86E /* [CP] Check Pods Manifest.lock */,
				33557FE31E9F6E26007B5194 /* Sources */,
				33557FE41E9F6E26007B5194 /* Frameworks */,
				33557FE51E9F6E26007B5194 /* Resources */,
				D3469B9C17AF131758839D18 /* [CP] Embed Pods Frameworks */,
				5870ED9CCF2B8835663DEC9C /* [CP] Copy Pods Resources */,
			);
			buildRules = (
			);
			dependencies = (
				33A25F621EC77C1F00A6047A /* PBXTargetDependency */,
			);
			name = "marvel-view";
			productName = "marvel-view";
			productReference = 33557FE71E9F6E26007B5194 /* marvel-view.app */;
			productType = "com.apple.product-type.application";
		};
/* End PBXNativeTarget section */

/* Begin PBXProject section */
		33557FDF1E9F6E26007B5194 /* Project object */ = {
			isa = PBXProject;
			attributes = {
				LastUpgradeCheck = 0830;
				ORGANIZATIONNAME = "Jonathan Slater";
				TargetAttributes = {
					33557FE61E9F6E26007B5194 = {
						CreatedOnToolsVersion = 8.3.1;
						DevelopmentTeam = THZN52QLV5;
						ProvisioningStyle = Automatic;
					};
				};
			};
			buildConfigurationList = 33557FE21E9F6E26007B5194 /* Build configuration list for PBXProject "marvel-view" */;
			compatibilityVersion = "Xcode 3.2";
			developmentRegion = English;
			hasScannedForEncodings = 0;
			knownRegions = (
				en,
				Base,
			);
			mainGroup = 33557FDE1E9F6E26007B5194;
			productRefGroup = 33557FE81E9F6E26007B5194 /* Products */;
			projectDirPath = "";
			projectReferences = (
				{
					ProductGroup = 33A25F5C1EC77C0C00A6047A /* Products */;
					ProjectRef = 33A25F5B1EC77C0C00A6047A /* NetworkClient.xcodeproj */;
				},
			);
			projectRoot = "";
			targets = (
				33557FE61E9F6E26007B5194 /* marvel-view */,
			);
		};
/* End PBXProject section */

/* Begin PBXReferenceProxy section */
		33A25F601EC77C0C00A6047A /* libNetworkClient.a */ = {
			isa = PBXReferenceProxy;
			fileType = archive.ar;
			path = libNetworkClient.a;
			remoteRef = 33A25F5F1EC77C0C00A6047A /* PBXContainerItemProxy */;
			sourceTree = BUILT_PRODUCTS_DIR;
		};
/* End PBXReferenceProxy section */

/* Begin PBXResourcesBuildPhase section */
		33557FE51E9F6E26007B5194 /* Resources */ = {
			isa = PBXResourcesBuildPhase;
			buildActionMask = 2147483647;
			files = (
				33D2170C1EB246F3001AC256 /* Podfile in Resources */,
				33D2170A1EB22C9D001AC256 /* .gitignore in Resources */,
				33557FFD1E9F6E26007B5194 /* LaunchScreen.storyboard in Resources */,
				338B607C1EB212B400E51C55 /* placeholder.png in Resources */,
				33557FFA1E9F6E26007B5194 /* Assets.xcassets in Resources */,
				33557FF51E9F6E26007B5194 /* Main.storyboard in Resources */,
			);
			runOnlyForDeploymentPostprocessing = 0;
		};
/* End PBXResourcesBuildPhase section */

/* Begin PBXShellScriptBuildPhase section */
		5870ED9CCF2B8835663DEC9C /* [CP] Copy Pods Resources */ = {
			isa = PBXShellScriptBuildPhase;
			buildActionMask = 2147483647;
			files = (
			);
			inputPaths = (
			);
			name = "[CP] Copy Pods Resources";
			outputPaths = (
			);
			runOnlyForDeploymentPostprocessing = 0;
			shellPath = /bin/sh;
			shellScript = "\"${SRCROOT}/Pods/Target Support Files/Pods-marvel-view/Pods-marvel-view-resources.sh\"\n";
			showEnvVarsInLog = 0;
		};
		7501562AB569A33B5FADB86E /* [CP] Check Pods Manifest.lock */ = {
			isa = PBXShellScriptBuildPhase;
			buildActionMask = 2147483647;
			files = (
			);
			inputPaths = (
			);
			name = "[CP] Check Pods Manifest.lock";
			outputPaths = (
			);
			runOnlyForDeploymentPostprocessing = 0;
			shellPath = /bin/sh;
			shellScript = "diff \"${PODS_PODFILE_DIR_PATH}/Podfile.lock\" \"${PODS_ROOT}/Manifest.lock\" > /dev/null\nif [ $? != 0 ] ; then\n    # print error to STDERR\n    echo \"error: The sandbox is not in sync with the Podfile.lock. Run 'pod install' or update your CocoaPods installation.\" >&2\n    exit 1\nfi\n";
			showEnvVarsInLog = 0;
		};
		D3469B9C17AF131758839D18 /* [CP] Embed Pods Frameworks */ = {
			isa = PBXShellScriptBuildPhase;
			buildActionMask = 2147483647;
			files = (
			);
			inputPaths = (
			);
			name = "[CP] Embed Pods Frameworks";
			outputPaths = (
			);
			runOnlyForDeploymentPostprocessing = 0;
			shellPath = /bin/sh;
			shellScript = "\"${SRCROOT}/Pods/Target Support Files/Pods-marvel-view/Pods-marvel-view-frameworks.sh\"\n";
			showEnvVarsInLog = 0;
		};
/* End PBXShellScriptBuildPhase section */

/* Begin PBXSourcesBuildPhase section */
		33557FE31E9F6E26007B5194 /* Sources */ = {
			isa = PBXSourcesBuildPhase;
			buildActionMask = 2147483647;
			files = (
				3364693A1EA8E30200408BAE /* main.m in Sources */,
				339C23AD1EADF5FF00D7835F /* ComicsManager.m in Sources */,
				335CD7AB1EA4DB0F00EF4BD5 /* ComicDetailViewController.m in Sources */,
				33557FF81E9F6E26007B5194 /* marvel_view.xcdatamodeld in Sources */,
				335CD7A71EA4CEE100EF4BD5 /* ComicsTableViewController.m in Sources */,
				33D1098A1ED9FE5F007A1B4E /* ComicsTableViewCell.m in Sources */,
				337C73D11E9F898500F0C9FB /* Extensions.m in Sources */,
				33557FEF1E9F6E26007B5194 /* AppDelegate.m in Sources */,
			);
			runOnlyForDeploymentPostprocessing = 0;
		};
/* End PBXSourcesBuildPhase section */

/* Begin PBXTargetDependency section */
		33A25F621EC77C1F00A6047A /* PBXTargetDependency */ = {
			isa = PBXTargetDependency;
			name = NetworkClient;
			targetProxy = 33A25F611EC77C1F00A6047A /* PBXContainerItemProxy */;
		};
/* End PBXTargetDependency section */

/* Begin PBXVariantGroup section */
		33557FF31E9F6E26007B5194 /* Main.storyboard */ = {
			isa = PBXVariantGroup;
			children = (
				33557FF41E9F6E26007B5194 /* Base */,
			);
			name = Main.storyboard;
			sourceTree = "<group>";
		};
		33557FFB1E9F6E26007B5194 /* LaunchScreen.storyboard */ = {
			isa = PBXVariantGroup;
			children = (
				33557FFC1E9F6E26007B5194 /* Base */,
			);
			name = LaunchScreen.storyboard;
			sourceTree = "<group>";
		};
/* End PBXVariantGroup section */

/* Begin XCBuildConfiguration section */
		33557FFF1E9F6E26007B5194 /* Debug */ = {
			isa = XCBuildConfiguration;
			buildSettings = {
				ALWAYS_SEARCH_USER_PATHS = NO;
				CLANG_ANALYZER_NONNULL = YES;
				CLANG_ANALYZER_NUMBER_OBJECT_CONVERSION = YES_AGGRESSIVE;
				CLANG_CXX_LANGUAGE_STANDARD = "gnu++0x";
				CLANG_CXX_LIBRARY = "libc++";
				CLANG_ENABLE_MODULES = YES;
				CLANG_ENABLE_OBJC_ARC = YES;
				CLANG_WARN_BOOL_CONVERSION = YES;
				CLANG_WARN_CONSTANT_CONVERSION = YES;
				CLANG_WARN_DIRECT_OBJC_ISA_USAGE = YES_ERROR;
				CLANG_WARN_DOCUMENTATION_COMMENTS = YES;
				CLANG_WARN_EMPTY_BODY = YES;
				CLANG_WARN_ENUM_CONVERSION = YES;
				CLANG_WARN_INFINITE_RECURSION = YES;
				CLANG_WARN_INT_CONVERSION = YES;
				CLANG_WARN_OBJC_ROOT_CLASS = YES_ERROR;
				CLANG_WARN_SUSPICIOUS_MOVE = YES;
				CLANG_WARN_UNREACHABLE_CODE = YES;
				CLANG_WARN__DUPLICATE_METHOD_MATCH = YES;
				"CODE_SIGN_IDENTITY[sdk=iphoneos*]" = "iPhone Developer";
				COPY_PHASE_STRIP = NO;
				DEBUG_INFORMATION_FORMAT = dwarf;
				ENABLE_STRICT_OBJC_MSGSEND = YES;
				ENABLE_TESTABILITY = YES;
				FRAMEWORK_SEARCH_PATHS = "";
				GCC_C_LANGUAGE_STANDARD = gnu99;
				GCC_DYNAMIC_NO_PIC = NO;
				GCC_NO_COMMON_BLOCKS = YES;
				GCC_OPTIMIZATION_LEVEL = 0;
				GCC_PREPROCESSOR_DEFINITIONS = (
					"DEBUG=1",
					"$(inherited)",
				);
				GCC_WARN_64_TO_32_BIT_CONVERSION = YES;
				GCC_WARN_ABOUT_RETURN_TYPE = YES_ERROR;
				GCC_WARN_UNDECLARED_SELECTOR = YES;
				GCC_WARN_UNINITIALIZED_AUTOS = YES_AGGRESSIVE;
				GCC_WARN_UNUSED_FUNCTION = YES;
				GCC_WARN_UNUSED_VARIABLE = YES;
				HEADER_SEARCH_PATHS = "$(SRCROOT)/**";
				IPHONEOS_DEPLOYMENT_TARGET = 8.0;
				MTL_ENABLE_DEBUG_INFO = YES;
				ONLY_ACTIVE_ARCH = YES;
				SDKROOT = iphoneos;
				TARGETED_DEVICE_FAMILY = "1,2";
			};
			name = Debug;
		};
		335580001E9F6E26007B5194 /* Release */ = {
			isa = XCBuildConfiguration;
			buildSettings = {
				ALWAYS_SEARCH_USER_PATHS = NO;
				CLANG_ANALYZER_NONNULL = YES;
				CLANG_ANALYZER_NUMBER_OBJECT_CONVERSION = YES_AGGRESSIVE;
				CLANG_CXX_LANGUAGE_STANDARD = "gnu++0x";
				CLANG_CXX_LIBRARY = "libc++";
				CLANG_ENABLE_MODULES = YES;
				CLANG_ENABLE_OBJC_ARC = YES;
				CLANG_WARN_BOOL_CONVERSION = YES;
				CLANG_WARN_CONSTANT_CONVERSION = YES;
				CLANG_WARN_DIRECT_OBJC_ISA_USAGE = YES_ERROR;
				CLANG_WARN_DOCUMENTATION_COMMENTS = YES;
				CLANG_WARN_EMPTY_BODY = YES;
				CLANG_WARN_ENUM_CONVERSION = YES;
				CLANG_WARN_INFINITE_RECURSION = YES;
				CLANG_WARN_INT_CONVERSION = YES;
				CLANG_WARN_OBJC_ROOT_CLASS = YES_ERROR;
				CLANG_WARN_SUSPICIOUS_MOVE = YES;
				CLANG_WARN_UNREACHABLE_CODE = YES;
				CLANG_WARN__DUPLICATE_METHOD_MATCH = YES;
				"CODE_SIGN_IDENTITY[sdk=iphoneos*]" = "iPhone Developer";
				COPY_PHASE_STRIP = NO;
				DEBUG_INFORMATION_FORMAT = "dwarf-with-dsym";
				ENABLE_NS_ASSERTIONS = NO;
				ENABLE_STRICT_OBJC_MSGSEND = YES;
				FRAMEWORK_SEARCH_PATHS = "";
				GCC_C_LANGUAGE_STANDARD = gnu99;
				GCC_NO_COMMON_BLOCKS = YES;
				GCC_WARN_64_TO_32_BIT_CONVERSION = YES;
				GCC_WARN_ABOUT_RETURN_TYPE = YES_ERROR;
				GCC_WARN_UNDECLARED_SELECTOR = YES;
				GCC_WARN_UNINITIALIZED_AUTOS = YES_AGGRESSIVE;
				GCC_WARN_UNUSED_FUNCTION = YES;
				GCC_WARN_UNUSED_VARIABLE = YES;
				HEADER_SEARCH_PATHS = "$(SRCROOT)/**";
				IPHONEOS_DEPLOYMENT_TARGET = 8.0;
				MTL_ENABLE_DEBUG_INFO = NO;
				SDKROOT = iphoneos;
				TARGETED_DEVICE_FAMILY = "1,2";
				VALIDATE_PRODUCT = YES;
			};
			name = Release;
		};
		335580021E9F6E26007B5194 /* Debug */ = {
			isa = XCBuildConfiguration;
			baseConfigurationReference = AB25F0A22486F6648FAD511A /* Pods-marvel-view.debug.xcconfig */;
			buildSettings = {
				ASSETCATALOG_COMPILER_APPICON_NAME = AppIcon;
				DEVELOPMENT_TEAM = THZN52QLV5;
				INFOPLIST_FILE = "marvel-view/Info.plist";
				IPHONEOS_DEPLOYMENT_TARGET = 8.0;
				LD_RUNPATH_SEARCH_PATHS = "$(inherited) @executable_path/Frameworks";
				PRODUCT_BUNDLE_IDENTIFIER = "com.home.marvel-view";
				PRODUCT_NAME = "$(TARGET_NAME)";
			};
			name = Debug;
		};
		335580031E9F6E26007B5194 /* Release */ = {
			isa = XCBuildConfiguration;
			baseConfigurationReference = 7EB9D9CDDF940FF5D752409D /* Pods-marvel-view.release.xcconfig */;
			buildSettings = {
				ASSETCATALOG_COMPILER_APPICON_NAME = AppIcon;
				DEVELOPMENT_TEAM = THZN52QLV5;
				INFOPLIST_FILE = "marvel-view/Info.plist";
				IPHONEOS_DEPLOYMENT_TARGET = 8.0;
				LD_RUNPATH_SEARCH_PATHS = "$(inherited) @executable_path/Frameworks";
				PRODUCT_BUNDLE_IDENTIFIER = "com.home.marvel-view";
				PRODUCT_NAME = "$(TARGET_NAME)";
			};
			name = Release;
		};
/* End XCBuildConfiguration section */

/* Begin XCConfigurationList section */
		33557FE21E9F6E26007B5194 /* Build configuration list for PBXProject "marvel-view" */ = {
			isa = XCConfigurationList;
			buildConfigurations = (
				33557FFF1E9F6E26007B5194 /* Debug */,
				335580001E9F6E26007B5194 /* Release */,
			);
			defaultConfigurationIsVisible = 0;
			defaultConfigurationName = Release;
		};
		335580011E9F6E26007B5194 /* Build configuration list for PBXNativeTarget "marvel-view" */ = {
			isa = XCConfigurationList;
			buildConfigurations = (
				335580021E9F6E26007B5194 /* Debug */,
				335580031E9F6E26007B5194 /* Release */,
			);
			defaultConfigurationIsVisible = 0;
			defaultConfigurationName = Release;
		};
/* End XCConfigurationList section */

/* Begin XCVersionGroup section */
		33557FF61E9F6E26007B5194 /* marvel_view.xcdatamodeld */ = {
			isa = XCVersionGroup;
			children = (
				33557FF71E9F6E26007B5194 /* marvel_view.xcdatamodel */,
			);
			currentVersion = 33557FF71E9F6E26007B5194 /* marvel_view.xcdatamodel */;
			path = marvel_view.xcdatamodeld;
			sourceTree = "<group>";
			versionGroupType = wrapper.xcdatamodel;
		};
/* End XCVersionGroup section */
	};
	rootObject = 33557FDF1E9F6E26007B5194 /* Project object */;
}
